PODS:
  - RevealingSplashView (0.5.0)

DEPENDENCIES:
  - RevealingSplashView

SPEC REPOS:
  https://github.com/cocoapods/specs.git:
    - RevealingSplashView

SPEC CHECKSUMS:
  RevealingSplashView: 0794eecad3a8983ac11a1fe474e9a9b51b926780

PODFILE CHECKSUM: 00f44982a700bebd513505fff106e59ed14d3fa4

COCOAPODS: 1.5.3
